
Microsoft Visual Studio Solution File, Format Version 12.00
# Visual Studio Version 16
VisualStudioVersion = 16.0.29306.81
MinimumVisualStudioVersion = 10.0.40219.1
Project("{FAE04EC0-301F-11D3-BF4B-00C04F79EFBC}") = "RobertEkorre_Myrstack", "RobertEkorre_Myrstack.csproj", "{91C785F7-5871-4119-B6F5-DEBEB4F20467}"
EndProject
Global
	GlobalSection(SolutionConfigurationPlatforms) = preSolution
		Debug|Any CPU = Debug|Any CPU
		Release|Any CPU = Release|Any CPU
	EndGlobalSection
	GlobalSection(ProjectConfigurationPlatforms) = postSolution
		{91C785F7-5871-4119-B6F5-DEBEB4F20467}.Debug|Any CPU.ActiveCfg = Debug|Any CPU
		{91C785F7-5871-4119-B6F5-DEBEB4F20467}.Debug|Any CPU.Build.0 = Debug|Any CPU
		{91C785F7-5871-4119-B6F5-DEBEB4F20467}.Release|Any CPU.ActiveCfg = Release|Any CPU
		{91C785F7-5871-4119-B6F5-DEBEB4F20467}.Release|Any CPU.Build.0 = Release|Any CPU
	EndGlobalSection
	GlobalSection(SolutionProperties) = preSolution
		HideSolutionNode = FALSE
	EndGlobalSection
	GlobalSection(ExtensibilityGlobals) = postSolution
		SolutionGuid = {CD6DCD1D-D5F1-42B3-BA77-7BF00C47A04B}
	EndGlobalSection
EndGlobal
